
Microsoft Visual Studio Solution File, Format Version 12.00
# Visual Studio 15
VisualStudioVersion = 15.0.28307.136
MinimumVisualStudioVersion = 10.0.40219.1
Project("{FAE04EC0-301F-11D3-BF4B-00C04F79EFBC}") = "ProxyFrontEnd", "ProxyFrontEnd.csproj", "{2563A706-72FC-4FBB-B5BB-268A86035BC2}"
EndProject
Global
	GlobalSection(SolutionConfigurationPlatforms) = preSolution
		Debug|Any CPU = Debug|Any CPU
		Release|Any CPU = Release|Any CPU
	EndGlobalSection
	GlobalSection(ProjectConfigurationPlatforms) = postSolution
		{2563A706-72FC-4FBB-B5BB-268A86035BC2}.Debug|Any CPU.ActiveCfg = Debug|Any CPU
		{2563A706-72FC-4FBB-B5BB-268A86035BC2}.Debug|Any CPU.Build.0 = Debug|Any CPU
		{2563A706-72FC-4FBB-B5BB-268A86035BC2}.Release|Any CPU.ActiveCfg = Release|Any CPU
		{2563A706-72FC-4FBB-B5BB-268A86035BC2}.Release|Any CPU.Build.0 = Release|Any CPU
	EndGlobalSection
	GlobalSection(SolutionProperties) = preSolution
		HideSolutionNode = FALSE
	EndGlobalSection
	GlobalSection(ExtensibilityGlobals) = postSolution
		SolutionGuid = {EF32C1F1-B7EE-4C25-A2D5-D0146D42127D}
	EndGlobalSection
EndGlobal
